
Microsoft Visual Studio Solution File, Format Version 12.00
Project("{FAE04EC0-301F-11D3-BF4B-00C04F79EFBC}") = "Pool", "Pool\Pool.csproj", "{7FC11668-C6AF-4927-8709-86FADA214B9E}"
EndProject
Project("{FAE04EC0-301F-11D3-BF4B-00C04F79EFBC}") = "Tests", "Tests\Tests.csproj", "{2E73D9A0-881E-4B59-BF10-B5CA957E2899}"
EndProject
Global
	GlobalSection(SolutionConfigurationPlatforms) = preSolution
		Debug|Any CPU = Debug|Any CPU
		Release|Any CPU = Release|Any CPU
	EndGlobalSection
	GlobalSection(ProjectConfigurationPlatforms) = postSolution
		{7FC11668-C6AF-4927-8709-86FADA214B9E}.Debug|Any CPU.ActiveCfg = Debug|Any CPU
		{7FC11668-C6AF-4927-8709-86FADA214B9E}.Debug|Any CPU.Build.0 = Debug|Any CPU
		{7FC11668-C6AF-4927-8709-86FADA214B9E}.Release|Any CPU.ActiveCfg = Release|Any CPU
		{7FC11668-C6AF-4927-8709-86FADA214B9E}.Release|Any CPU.Build.0 = Release|Any CPU
		{2E73D9A0-881E-4B59-BF10-B5CA957E2899}.Debug|Any CPU.ActiveCfg = Debug|Any CPU
		{2E73D9A0-881E-4B59-BF10-B5CA957E2899}.Debug|Any CPU.Build.0 = Debug|Any CPU
		{2E73D9A0-881E-4B59-BF10-B5CA957E2899}.Release|Any CPU.ActiveCfg = Release|Any CPU
		{2E73D9A0-881E-4B59-BF10-B5CA957E2899}.Release|Any CPU.Build.0 = Release|Any CPU
	EndGlobalSection
EndGlobal
